
Microsoft Visual Studio Solution File, Format Version 12.00
# Visual Studio Version 17
VisualStudioVersion = 17.14.36301.6 d17.14
MinimumVisualStudioVersion = 10.0.40219.1
Project("{FAE04EC0-301F-11D3-BF4B-00C04F79EFBC}") = "SECRON", "SECRON\SECRON.csproj", "{278C2313-41C1-4EE8-AC34-543B46BFB9CE}"
EndProject
Global
	GlobalSection(SolutionConfigurationPlatforms) = preSolution
		Debug|Any CPU = Debug|Any CPU
		Release|Any CPU = Release|Any CPU
	EndGlobalSection
	GlobalSection(ProjectConfigurationPlatforms) = postSolution
		{278C2313-41C1-4EE8-AC34-543B46BFB9CE}.Debug|Any CPU.ActiveCfg = Debug|Any CPU
		{278C2313-41C1-4EE8-AC34-543B46BFB9CE}.Debug|Any CPU.Build.0 = Debug|Any CPU
		{278C2313-41C1-4EE8-AC34-543B46BFB9CE}.Release|Any CPU.ActiveCfg = Release|Any CPU
		{278C2313-41C1-4EE8-AC34-543B46BFB9CE}.Release|Any CPU.Build.0 = Release|Any CPU
	EndGlobalSection
	GlobalSection(SolutionProperties) = preSolution
		HideSolutionNode = FALSE
	EndGlobalSection
	GlobalSection(ExtensibilityGlobals) = postSolution
		SolutionGuid = {7D33C72F-A39D-4AF4-812D-4F8CB3F8D37F}
	EndGlobalSection
EndGlobal
